
Microsoft Visual Studio Solution File, Format Version 12.00
# Visual Studio Version 17
VisualStudioVersion = 17.8.34330.188
MinimumVisualStudioVersion = 10.0.40219.1
Project("{FAE04EC0-301F-11D3-BF4B-00C04F79EFBC}") = "FCleanCode", "FCleanCode\FCleanCode.csproj", "{B4E046EB-C837-4277-AFD7-8D2B19AC7B49}"
EndProject
Global
	GlobalSection(SolutionConfigurationPlatforms) = preSolution
		Debug|Any CPU = Debug|Any CPU
		Release|Any CPU = Release|Any CPU
	EndGlobalSection
	GlobalSection(ProjectConfigurationPlatforms) = postSolution
		{B4E046EB-C837-4277-AFD7-8D2B19AC7B49}.Debug|Any CPU.ActiveCfg = Debug|Any CPU
		{B4E046EB-C837-4277-AFD7-8D2B19AC7B49}.Debug|Any CPU.Build.0 = Debug|Any CPU
		{B4E046EB-C837-4277-AFD7-8D2B19AC7B49}.Release|Any CPU.ActiveCfg = Release|Any CPU
		{B4E046EB-C837-4277-AFD7-8D2B19AC7B49}.Release|Any CPU.Build.0 = Release|Any CPU
	EndGlobalSection
	GlobalSection(SolutionProperties) = preSolution
		HideSolutionNode = FALSE
	EndGlobalSection
	GlobalSection(ExtensibilityGlobals) = postSolution
		SolutionGuid = {86133015-FEA9-4A74-8BB9-DCB7A0D709E4}
	EndGlobalSection
EndGlobal
